
Microsoft Visual Studio Solution File, Format Version 12.00
# Visual Studio Version 16
VisualStudioVersion = 16.0.32228.343
MinimumVisualStudioVersion = 10.0.40219.1
Project("{FAE04EC0-301F-11D3-BF4B-00C04F79EFBC}") = "NerdDinner", "NerdDinner\NerdDinner.csproj", "{A43F700F-9DAA-4CB3-98F7-2B0580F5B033}"
EndProject
Project("{FAE04EC0-301F-11D3-BF4B-00C04F79EFBC}") = "NerdDinner.Tests", "NerdDinner.Tests\NerdDinner.Tests.csproj", "{7A5AF9E5-7138-40FD-8F0D-1C425F73EC58}"
EndProject
Global
	GlobalSection(SolutionConfigurationPlatforms) = preSolution
		Debug|Any CPU = Debug|Any CPU
		Release|Any CPU = Release|Any CPU
	EndGlobalSection
	GlobalSection(ProjectConfigurationPlatforms) = postSolution
		{A43F700F-9DAA-4CB3-98F7-2B0580F5B033}.Debug|Any CPU.ActiveCfg = Debug|Any CPU
		{A43F700F-9DAA-4CB3-98F7-2B0580F5B033}.Debug|Any CPU.Build.0 = Debug|Any CPU
		{A43F700F-9DAA-4CB3-98F7-2B0580F5B033}.Release|Any CPU.ActiveCfg = Release|Any CPU
		{A43F700F-9DAA-4CB3-98F7-2B0580F5B033}.Release|Any CPU.Build.0 = Release|Any CPU
		{7A5AF9E5-7138-40FD-8F0D-1C425F73EC58}.Debug|Any CPU.ActiveCfg = Debug|Any CPU
		{7A5AF9E5-7138-40FD-8F0D-1C425F73EC58}.Debug|Any CPU.Build.0 = Debug|Any CPU
		{7A5AF9E5-7138-40FD-8F0D-1C425F73EC58}.Release|Any CPU.ActiveCfg = Release|Any CPU
		{7A5AF9E5-7138-40FD-8F0D-1C425F73EC58}.Release|Any CPU.Build.0 = Release|Any CPU
	EndGlobalSection
	GlobalSection(SolutionProperties) = preSolution
		HideSolutionNode = FALSE
	EndGlobalSection
	GlobalSection(ExtensibilityGlobals) = postSolution
		SolutionGuid = {2B89464F-1E58-4E16-8639-5F5B60BA617B}
	EndGlobalSection
EndGlobal
